
Microsoft Visual Studio Solution File, Format Version 12.00
# Visual Studio Version 18
VisualStudioVersion = 18.0.11222.15 d18.0
MinimumVisualStudioVersion = 10.0.40219.1
Project("{FAE04EC0-301F-11D3-BF4B-00C04F79EFBC}") = "TelegramBotEngine", "TelegramBotEngine.csproj", "{ED9668AB-0CF6-440F-B0BF-00CB736F056F}"
EndProject
Global
	GlobalSection(SolutionConfigurationPlatforms) = preSolution
		Debug|Any CPU = Debug|Any CPU
		Release|Any CPU = Release|Any CPU
	EndGlobalSection
	GlobalSection(ProjectConfigurationPlatforms) = postSolution
		{ED9668AB-0CF6-440F-B0BF-00CB736F056F}.Debug|Any CPU.ActiveCfg = Release|Any CPU
		{ED9668AB-0CF6-440F-B0BF-00CB736F056F}.Debug|Any CPU.Build.0 = Release|Any CPU
		{ED9668AB-0CF6-440F-B0BF-00CB736F056F}.Release|Any CPU.ActiveCfg = Release|Any CPU
		{ED9668AB-0CF6-440F-B0BF-00CB736F056F}.Release|Any CPU.Build.0 = Release|Any CPU
	EndGlobalSection
	GlobalSection(SolutionProperties) = preSolution
		HideSolutionNode = FALSE
	EndGlobalSection
	GlobalSection(ExtensibilityGlobals) = postSolution
		SolutionGuid = {B6AE815D-2D96-4B17-B4D9-1147B6607064}
	EndGlobalSection
EndGlobal
